Microsoft Visual Studio Solution File, Format Version 12.00
# Visual Studio Version 17
VisualStudioVersion = 17.11.34929.205
MinimumVisualStudioVersion = 10.0.40219.1
Project("{FAE04EC0-301F-11D3-BF4B-00C04F79EFBC}") = "XmlToys.API", "XmlToys.API.csproj", "{31AD5699-04D5-499A-B24D-07835AE9DD2C}"
EndProject
Global
	GlobalSection(ExtensibilityGlobals) = postSolution
		SolutionGuid = {886AB102-C70E-49B2-9CDF-6EC6AA1003AF}
	EndGlobalSection
	GlobalSection(ProjectConfigurationPlatforms) = postSolution
		{31AD5699-04D5-499A-B24D-07835AE9DD2C}.Debug|Any CPU.ActiveCfg = Debug|Any CPU
		{31AD5699-04D5-499A-B24D-07835AE9DD2C}.Debug|Any CPU.Build.0 = Debug|Any CPU
		{31AD5699-04D5-499A-B24D-07835AE9DD2C}.Release|Any CPU.ActiveCfg = Release|Any CPU
		{31AD5699-04D5-499A-B24D-07835AE9DD2C}.Release|Any CPU.Build.0 = Release|Any CPU
	EndGlobalSection
	GlobalSection(SolutionConfigurationPlatforms) = preSolution
		Debug|Any CPU = Debug|Any CPU
		Release|Any CPU = Release|Any CPU
	EndGlobalSection
	GlobalSection(SolutionProperties) = preSolution
		HideSolutionNode = FALSE
	EndGlobalSection
EndGlobal
