
Microsoft Visual Studio Solution File, Format Version 12.00
# Visual Studio Version 17
VisualStudioVersion = 17.5.002.0
MinimumVisualStudioVersion = 10.0.40219.1
Project("{9A19103F-16F7-4668-BE54-9A1E7A4F7556}") = "XmlToys.API", "XmlToys.API.csproj", "{953395B1-87D5-4002-B30B-6DF79B0E33AF}"
EndProject
Global
	GlobalSection(SolutionConfigurationPlatforms) = preSolution
		Debug|Any CPU = Debug|Any CPU
		Release|Any CPU = Release|Any CPU
	EndGlobalSection
	GlobalSection(ProjectConfigurationPlatforms) = postSolution
		{953395B1-87D5-4002-B30B-6DF79B0E33AF}.Debug|Any CPU.ActiveCfg = Debug|Any CPU
		{953395B1-87D5-4002-B30B-6DF79B0E33AF}.Debug|Any CPU.Build.0 = Debug|Any CPU
		{953395B1-87D5-4002-B30B-6DF79B0E33AF}.Release|Any CPU.ActiveCfg = Release|Any CPU
		{953395B1-87D5-4002-B30B-6DF79B0E33AF}.Release|Any CPU.Build.0 = Release|Any CPU
	EndGlobalSection
	GlobalSection(SolutionProperties) = preSolution
		HideSolutionNode = FALSE
	EndGlobalSection
	GlobalSection(ExtensibilityGlobals) = postSolution
		SolutionGuid = {2BDFC4B3-D759-4AD7-BA89-9044CCE54C86}
	EndGlobalSection
EndGlobal
